{
  "name": "all-promises",
  "version": "1.2.0",
  "lockfileVersion": 3,
  "requires": true,
  "packages": {
    "": {
      "name": "all-promises",
      "version": "1.2.0",
      "license": "ISC",
      "dependencies": {
        "bluebird": "^3.3.5",
        "es6-promise": "^3.1.2",
        "es6-promise-polyfill": "^1.2.0",
        "es6-promises": "^1.0.10",
        "lie": "^3.0.2",
        "my-promise": "^1.1.0",
        "native-promise-only": "^0.8.1",
        "promiscuous": "^0.6.0",
        "promise": "^7.1.1",
        "promiz": "^1.0.5",
        "q": "^1.4.1",
        "rsvp": "^3.2.1",
        "vow": "^0.4.12",
        "when": "^3.7.7",
        "yaku": "^0.15.7"
      }
    },
    "node_modules/asap": {
      "version": "2.0.6",
      "resolved": "https://registry.npmjs.org/asap/-/asap-2.0.6.tgz",
      "integrity": "sha512-BSHWgDSAiKs50o2Re8ppvp3seVHXSRM44cdSsT9FfNEUUZLOGWVCsiWaRPWM1Znn+mqZ1OfVZ3z3DWEzSp7hRA==",
      "license": "MIT"
    },
    "node_modules/bluebird": {
      "version": "3.7.2",
      "resolved": "https://registry.npmjs.org/bluebird/-/bluebird-3.7.2.tgz",
      "integrity": "sha512-XpNj6GDQzdfW+r2Wnn7xiSAd7TM3jzkxGXBGTtWKuSXv1xUV+azxAm8jdWZN06QTQk+2N2XB9jRDkvbmQmcRtg==",
      "license": "MIT"
    },
    "node_modules/es6-promise": {
      "version": "3.3.1",
      "resolved": "https://registry.npmjs.org/es6-promise/-/es6-promise-3.3.1.tgz",
      "integrity": "sha512-SOp9Phqvqn7jtEUxPWdWfWoLmyt2VaJ6MpvP9Comy1MceMXqE6bxvaTu4iaxpYYPzhny28Lc+M87/c2cPK6lDg==",
      "license": "MIT"
    },
    "node_modules/es6-promise-polyfill": {
      "version": "1.2.0",
      "resolved": "https://registry.npmjs.org/es6-promise-polyfill/-/es6-promise-polyfill-1.2.0.tgz",
      "integrity": "sha512-HHb0vydCpoclpd0ySPkRXMmBw80MRt1wM4RBJBlXkux97K7gleabZdsR0gvE1nNPM9mgOZIBTzjjXiPxf4lIqQ==",
      "license": "MIT"
    },
    "node_modules/es6-promises": {
      "version": "1.0.10",
      "resolved": "https://registry.npmjs.org/es6-promises/-/es6-promises-1.0.10.tgz",
      "integrity": "sha512-vDK9ROVR5mCtHGpMFrVgZWqrCGsESwAK37fM1mWK2Zo/H5FG54bT3NL5PCCRJ8dmu0FCfAjc+T0GRKhBwoJjRA==",
      "license": "MIT",
      "engines": {
        "node": ">=0.10.0"
      }
    },
    "node_modules/immediate": {
      "version": "3.0.6",
      "resolved": "https://registry.npmjs.org/immediate/-/immediate-3.0.6.tgz",
      "integrity": "sha512-XXOFtyqDjNDAQxVfYxuF7g9Il/IbWmmlQg2MYKOH8ExIT1qg6xc4zyS3HaEEATgs1btfzxq15ciUiY7gjSXRGQ==",
      "license": "MIT"
    },
    "node_modules/lie": {
      "version": "3.3.0",
      "resolved": "https://registry.npmjs.org/lie/-/lie-3.3.0.tgz",
      "integrity": "sha512-UaiMJzeWRlEujzAuw5LokY1L5ecNQYZKfmyZ9L7wDHb/p5etKaxXhohBcrw0EYby+G/NA52vRSN4N39dxHAIwQ==",
      "license": "MIT",
      "dependencies": {
        "immediate": "~3.0.5"
      }
    },
    "node_modules/my-promise": {
      "version": "1.1.0",
      "resolved": "https://registry.npmjs.org/my-promise/-/my-promise-1.1.0.tgz",
      "integrity": "sha512-5lHpUEVwaXYxDUQKJB7wsuiveY5Qd4bjefBkBpH3Fso7a3O6w3cSj5R1lJPgB03liuWmvooXqnWlVTWzfT0ZJQ==",
      "license": "ISC"
    },
    "node_modules/native-promise-only": {
      "version": "0.8.1",
      "resolved": "https://registry.npmjs.org/native-promise-only/-/native-promise-only-0.8.1.tgz",
      "integrity": "sha512-zkVhZUA3y8mbz652WrL5x0fB0ehrBkulWT3TomAQ9iDtyXZvzKeEA6GPxAItBYeNYl5yngKRX612qHOhvMkDeg==",
      "license": "MIT"
    },
    "node_modules/promiscuous": {
      "version": "0.6.0",
      "resolved": "https://registry.npmjs.org/promiscuous/-/promiscuous-0.6.0.tgz",
      "integrity": "sha512-4L4dqsq7Pk7153Jkvv0FmP8tzXYpNdeUsxovkXUkXgHtBJgoO+yvWBISt8NcDUXLWR14bAmlzLeaSTGa1lr6UQ==",
      "deprecated": "Package no longer supported. Contact Support at https://www.npmjs.com/support for more info.",
      "license": "MIT"
    },
    "node_modules/promise": {
      "version": "7.3.1",
      "resolved": "https://registry.npmjs.org/promise/-/promise-7.3.1.tgz",
      "integrity": "sha512-nolQXZ/4L+bP/UGlkfaIujX9BKxGwmQ9OT4mOt5yvy8iK1h3wqTEJCijzGANTCCl9nWjY41juyAn2K3Q1hLLTg==",
      "license": "MIT",
      "dependencies": {
        "asap": "~2.0.3"
      }
    },
    "node_modules/promiz": {
      "version": "1.0.6",
      "resolved": "https://registry.npmjs.org/promiz/-/promiz-1.0.6.tgz",
      "integrity": "sha512-kUOXrgIxJ9b9QuS0lcd6DvEl2Ulxhw+GRq4OykNdSnm3v3bdx9Q3yXHOJ0k2XaC4nDyBb1/bDSaIBmI8b6JU1Q==",
      "license": "MIT"
    },
    "node_modules/q": {
      "version": "1.5.1",
      "resolved": "https://registry.npmjs.org/q/-/q-1.5.1.tgz",
      "integrity": "sha512-kV/CThkXo6xyFEZUugw/+pIOywXcDbFYgSct5cT3gqlbkBE1SJdwy6UQoZvodiWF/ckQLZyDE/Bu1M6gVu5lVw==",
      "deprecated": "You or someone you depend on is using Q, the JavaScript Promise library that gave JavaScript developers strong feelings about promises. They can almost certainly migrate to the native JavaScript promise now. Thank you literally everyone for joining me in this bet against the odds. Be excellent to each other.\n\n(For a CapTP with native promises, see @endo/eventual-send and @endo/captp)",
      "license": "MIT",
      "engines": {
        "node": ">=0.6.0",
        "teleport": ">=0.2.0"
      }
    },
    "node_modules/rsvp": {
      "version": "3.6.2",
      "resolved": "https://registry.npmjs.org/rsvp/-/rsvp-3.6.2.tgz",
      "integrity": "sha512-OfWGQTb9vnwRjwtA2QwpG2ICclHC3pgXZO5xt8H2EfgDquO0qVdSb5T88L4qJVAEugbS56pAuV4XZM58UX8ulw==",
      "license": "MIT",
      "engines": {
        "node": "0.12.* || 4.* || 6.* || >= 7.*"
      }
    },
    "node_modules/vow": {
      "version": "0.4.20",
      "resolved": "https://registry.npmjs.org/vow/-/vow-0.4.20.tgz",
      "integrity": "sha512-YYoSYXUYABqY08D/WrjcWJxJSErcILRRTQpcPyUc0SFfgIPKSUFzVt7u1HC3TXGJZM/qhsSjCLNQstxqf7asgQ==",
      "license": "MIT",
      "engines": {
        "node": ">= 0.4.0"
      }
    },
    "node_modules/when": {
      "version": "3.7.8",
      "resolved": "https://registry.npmjs.org/when/-/when-3.7.8.tgz",
      "integrity": "sha512-5cZ7mecD3eYcMiCH4wtRPA5iFJZ50BJYDfckI5RRpQiktMiYTcn0ccLTZOvcbBume+1304fQztxeNzNS9Gvrnw==",
      "license": "MIT"
    },
    "node_modules/yaku": {
      "version": "0.15.9",
      "resolved": "https://registry.npmjs.org/yaku/-/yaku-0.15.9.tgz",
      "integrity": "sha512-CvHbgS7/IYcAhkj9ZW6OAfYHHV8lBhp/Xw6mSLNSLByk6uPO3JKewiXgaicuyapFNhvE90B1JnuJNh7BZ/mDBQ==",
      "license": "MIT"
    }
  }
}
